{
  "name": "src",
  "version": "1.0.0",
  "lockfileVersion": 1,
  "requires": true,
  "dependencies": {
    "@xstate/fsm": {
      "version": "1.5.1",
      "resolved": "https://registry.npmjs.org/@xstate/fsm/-/fsm-1.5.1.tgz",
      "integrity": "sha512-t8blLI0e90jCE71yUQHLH5uEljD1v0aC8PKkHUtNWEnXt81EOj7xBjnlwmaHn/8cmE2aSygiBElUpkRZUV9hXA=="
    },
    "axios": {
      "version": "0.21.1",
      "resolved": "https://registry.npmjs.org/axios/-/axios-0.21.1.tgz",
      "integrity": "sha512-dKQiRHxGD9PPRIUNIWvZhPTPpl1rf/OxTYKsqKUDjBwYylTvV7SjSHJb9ratfyzM6wCdLCOYLzs73qpg5c4iGA==",
      "requires": {
        "follow-redirects": "^1.10.0"
      }
    },
    "follow-redirects": {
      "version": "1.13.1",
      "resolved": "https://registry.npmjs.org/follow-redirects/-/follow-redirects-1.13.1.tgz",
      "integrity": "sha512-SSG5xmZh1mkPGyKzjZP8zLjltIfpW32Y5QpdNJyjcfGxK3qo3NDDkZOZSFiGn1A6SclQxY9GzEwAHQ3dmYRWpg=="
    },
    "jquery": {
      "version": "3.5.1",
      "resolved": "https://registry.npmjs.org/jquery/-/jquery-3.5.1.tgz",
      "integrity": "sha512-XwIBPqcMn57FxfT+Go5pzySnm4KWkT1Tv7gjrpT1srtf8Weynl6R273VJ5GjkRb51IzMp5nbaPjJXMWeju2MKg=="
    },
    "mitt": {
      "version": "1.2.0",
      "resolved": "https://registry.npmjs.org/mitt/-/mitt-1.2.0.tgz",
      "integrity": "sha512-r6lj77KlwqLhIUku9UWYes7KJtsczvolZkzp8hbaDPPaE24OmWl5s539Mytlj22siEQKosZ26qCBgda2PKwoJw=="
    },
    "pako": {
      "version": "1.0.11",
      "resolved": "https://registry.npmjs.org/pako/-/pako-1.0.11.tgz",
      "integrity": "sha512-4hLB8Py4zZce5s4yd9XzopqwVv/yGNhV1Bl8NTmCq1763HeK2+EwVTv+leGeL13Dnh2wfbqowVPXCIO0z4taYw=="
    },
    "rrweb": {
      "version": "0.9.3",
      "resolved": "https://registry.npmjs.org/rrweb/-/rrweb-0.9.3.tgz",
      "integrity": "sha512-rno2FgBFxhHAGZD+7mE6aYlIzvChys4kjQj0bD7yeEQL+BoPtNYKufDYV8w3ZjtyC1LPUDZy092fxlrQsXVFpQ==",
      "requires": {
        "@xstate/fsm": "^1.4.0",
        "mitt": "^1.1.3",
        "pako": "^1.0.11",
        "rrweb-snapshot": "^0.8.2"
      }
    },
    "rrweb-snapshot": {
      "version": "0.8.2",
      "resolved": "https://registry.npmjs.org/rrweb-snapshot/-/rrweb-snapshot-0.8.2.tgz",
      "integrity": "sha512-KwD5NJeiPMgA+qRPf/0YIk0dKevOpj/2redYX+9Ker6FpyUlUBKaopEc9M3VbFnUqwgU9v109c9220PwhKEQcQ=="
    },
    "webextension-polyfill": {
      "version": "0.3.1",
      "resolved": "https://registry.npmjs.org/webextension-polyfill/-/webextension-polyfill-0.3.1.tgz",
      "integrity": "sha512-ISB42vlgMyM7xE1u6pREeCqmmXjLsYu/nqAR8Dl/gIAnylb+KpRpvKbVkUYNFePhhXn0Obkkc3jasOII9ztUtg==",
      "dev": true
    }
  }
}
